{
  "name": "OpenCamScanner",
  "lockfileVersion": 2,
  "requires": true,
  "packages": {
    "": {
      "dependencies": {
        "@radix-ui/react-label": "^2.0.2"
      }
    },
    "node_modules/@babel/runtime": {
      "version": "7.22.3",
      "resolved": "https://registry.npmjs.org/@babel/runtime/-/runtime-7.22.3.tgz",
      "integrity": "sha512-XsDuspWKLUsxwCp6r7EhsExHtYfbe5oAGQ19kqngTdCPUoPQzOPdUbD/pB9PJiwb2ptYKQDjSJT3R6dC+EPqfQ==",
      "dependencies": {
        "regenerator-runtime": "^0.13.11"
      },
      "engines": {
        "node": ">=6.9.0"
      }
    },
    "node_modules/@radix-ui/react-compose-refs": {
      "version": "1.0.1",
      "resolved": "https://registry.npmjs.org/@radix-ui/react-compose-refs/-/react-compose-refs-1.0.1.tgz",
      "integrity": "sha512-fDSBgd44FKHa1FRMU59qBMPFcl2PZE+2nmqunj+BWFyYYjnhIDWL2ItDs3rrbJDQOtzt5nIebLCQc4QRfz6LJw==",
      "dependencies": {
        "@babel/runtime": "^7.13.10"
      },
      "peerDependencies": {
        "@types/react": "*",
        "react": "^16.8 || ^17.0 || ^18.0"
      },
      "peerDependenciesMeta": {
        "@types/react": {
          "optional": true
        }
      }
    },
    "node_modules/@radix-ui/react-label": {
      "version": "2.0.2",
      "resolved": "https://registry.npmjs.org/@radix-ui/react-label/-/react-label-2.0.2.tgz",
      "integrity": "sha512-N5ehvlM7qoTLx7nWPodsPYPgMzA5WM8zZChQg8nyFJKnDO5WHdba1vv5/H6IO5LtJMfD2Q3wh1qHFGNtK0w3bQ==",
      "dependencies": {
        "@babel/runtime": "^7.13.10",
        "@radix-ui/react-primitive": "1.0.3"
      },
      "peerDependencies": {
        "@types/react": "*",
        "@types/react-dom": "*",
        "react": "^16.8 || ^17.0 || ^18.0",
        "react-dom": "^16.8 || ^17.0 || ^18.0"
      },
      "peerDependenciesMeta": {
        "@types/react": {
          "optional": true
        },
        "@types/react-dom": {
          "optional": true
        }
      }
    },
    "node_modules/@radix-ui/react-primitive": {
      "version": "1.0.3",
      "resolved": "https://registry.npmjs.org/@radix-ui/react-primitive/-/react-primitive-1.0.3.tgz",
      "integrity": "sha512-yi58uVyoAcK/Nq1inRY56ZSjKypBNKTa/1mcL8qdl6oJeEaDbOldlzrGn7P6Q3Id5d+SYNGc5AJgc4vGhjs5+g==",
      "dependencies": {
        "@babel/runtime": "^7.13.10",
        "@radix-ui/react-slot": "1.0.2"
      },
      "peerDependencies": {
        "@types/react": "*",
        "@types/react-dom": "*",
        "react": "^16.8 || ^17.0 || ^18.0",
        "react-dom": "^16.8 || ^17.0 || ^18.0"
      },
      "peerDependenciesMeta": {
        "@types/react": {
          "optional": true
        },
        "@types/react-dom": {
          "optional": true
        }
      }
    },
    "node_modules/@radix-ui/react-slot": {
      "version": "1.0.2",
      "resolved": "https://registry.npmjs.org/@radix-ui/react-slot/-/react-slot-1.0.2.tgz",
      "integrity": "sha512-YeTpuq4deV+6DusvVUW4ivBgnkHwECUu0BiN43L5UCDFgdhsRUWAghhTF5MbvNTPzmiFOx90asDSUjWuCNapwg==",
      "dependencies": {
        "@babel/runtime": "^7.13.10",
        "@radix-ui/react-compose-refs": "1.0.1"
      },
      "peerDependencies": {
        "@types/react": "*",
        "react": "^16.8 || ^17.0 || ^18.0"
      },
      "peerDependenciesMeta": {
        "@types/react": {
          "optional": true
        }
      }
    },
    "node_modules/regenerator-runtime": {
      "version": "0.13.11",
      "resolved": "https://registry.npmjs.org/regenerator-runtime/-/regenerator-runtime-0.13.11.tgz",
      "integrity": "sha512-kY1AZVr2Ra+t+piVaJ4gxaFaReZVH40AKNo7UCX6W+dEwBo/2oZJzqfuN1qLq1oL45o56cPaTXELwrTh8Fpggg=="
    }
  },
  "dependencies": {
    "@babel/runtime": {
      "version": "7.22.3",
      "resolved": "https://registry.npmjs.org/@babel/runtime/-/runtime-7.22.3.tgz",
      "integrity": "sha512-XsDuspWKLUsxwCp6r7EhsExHtYfbe5oAGQ19kqngTdCPUoPQzOPdUbD/pB9PJiwb2ptYKQDjSJT3R6dC+EPqfQ==",
      "requires": {
        "regenerator-runtime": "^0.13.11"
      }
    },
    "@radix-ui/react-compose-refs": {
      "version": "1.0.1",
      "resolved": "https://registry.npmjs.org/@radix-ui/react-compose-refs/-/react-compose-refs-1.0.1.tgz",
      "integrity": "sha512-fDSBgd44FKHa1FRMU59qBMPFcl2PZE+2nmqunj+BWFyYYjnhIDWL2ItDs3rrbJDQOtzt5nIebLCQc4QRfz6LJw==",
      "requires": {
        "@babel/runtime": "^7.13.10"
      }
    },
    "@radix-ui/react-label": {
      "version": "2.0.2",
      "resolved": "https://registry.npmjs.org/@radix-ui/react-label/-/react-label-2.0.2.tgz",
      "integrity": "sha512-N5ehvlM7qoTLx7nWPodsPYPgMzA5WM8zZChQg8nyFJKnDO5WHdba1vv5/H6IO5LtJMfD2Q3wh1qHFGNtK0w3bQ==",
      "requires": {
        "@babel/runtime": "^7.13.10",
        "@radix-ui/react-primitive": "1.0.3"
      }
    },
    "@radix-ui/react-primitive": {
      "version": "1.0.3",
      "resolved": "https://registry.npmjs.org/@radix-ui/react-primitive/-/react-primitive-1.0.3.tgz",
      "integrity": "sha512-yi58uVyoAcK/Nq1inRY56ZSjKypBNKTa/1mcL8qdl6oJeEaDbOldlzrGn7P6Q3Id5d+SYNGc5AJgc4vGhjs5+g==",
      "requires": {
        "@babel/runtime": "^7.13.10",
        "@radix-ui/react-slot": "1.0.2"
      }
    },
    "@radix-ui/react-slot": {
      "version": "1.0.2",
      "resolved": "https://registry.npmjs.org/@radix-ui/react-slot/-/react-slot-1.0.2.tgz",
      "integrity": "sha512-YeTpuq4deV+6DusvVUW4ivBgnkHwECUu0BiN43L5UCDFgdhsRUWAghhTF5MbvNTPzmiFOx90asDSUjWuCNapwg==",
      "requires": {
        "@babel/runtime": "^7.13.10",
        "@radix-ui/react-compose-refs": "1.0.1"
      }
    },
    "regenerator-runtime": {
      "version": "0.13.11",
      "resolved": "https://registry.npmjs.org/regenerator-runtime/-/regenerator-runtime-0.13.11.tgz",
      "integrity": "sha512-kY1AZVr2Ra+t+piVaJ4gxaFaReZVH40AKNo7UCX6W+dEwBo/2oZJzqfuN1qLq1oL45o56cPaTXELwrTh8Fpggg=="
    }
  }
}
